
Microsoft Visual Studio Solution File, Format Version 12.00
# Visual Studio Version 17
VisualStudioVersion = 17.10.35004.147
MinimumVisualStudioVersion = 10.0.40219.1
Project("{FAE04EC0-301F-11D3-BF4B-00C04F79EFBC}") = "SampleOpcUaServer", "SampleOpcUaServer.csproj", "{ED7785C2-21BE-4CE2-AC04-2DE20D02A11F}"
EndProject
Global
	GlobalSection(SolutionConfigurationPlatforms) = preSolution
		Debug|Any CPU = Debug|Any CPU
		Release|Any CPU = Release|Any CPU
	EndGlobalSection
	GlobalSection(ProjectConfigurationPlatforms) = postSolution
		{ED7785C2-21BE-4CE2-AC04-2DE20D02A11F}.Debug|Any CPU.ActiveCfg = Debug|Any CPU
		{ED7785C2-21BE-4CE2-AC04-2DE20D02A11F}.Debug|Any CPU.Build.0 = Debug|Any CPU
		{ED7785C2-21BE-4CE2-AC04-2DE20D02A11F}.Release|Any CPU.ActiveCfg = Release|Any CPU
		{ED7785C2-21BE-4CE2-AC04-2DE20D02A11F}.Release|Any CPU.Build.0 = Release|Any CPU
	EndGlobalSection
	GlobalSection(SolutionProperties) = preSolution
		HideSolutionNode = FALSE
	EndGlobalSection
	GlobalSection(ExtensibilityGlobals) = postSolution
		SolutionGuid = {37F57F97-5274-42F5-9739-63AA898E2842}
	EndGlobalSection
EndGlobal
